
Microsoft Visual Studio Solution File, Format Version 12.00
# Visual Studio Version 16
VisualStudioVersion = 16.0.32428.217
MinimumVisualStudioVersion = 10.0.40219.1
Project("{8BC9CEB8-8B4A-11D0-8D11-00A0C91BC942}") = "PerspectiveProjection", "PerspectiveProjection\PerspectiveProjection.vcxproj", "{BF5C0DFC-5C74-4EAA-8C7D-7B8FF1034526}"
EndProject
Project("{8BC9CEB8-8B4A-11D0-8D11-00A0C91BC942}") = "ThePinholeCameraModel", "ThePinholeCameraModel\ThePinholeCameraModel.vcxproj", "{7F2606EC-6E74-4070-8219-E45FDA884187}"
EndProject
Project("{8BC9CEB8-8B4A-11D0-8D11-00A0C91BC942}") = "Rasterization", "Rasterization\Rasterization.vcxproj", "{046105F5-E6E7-4270-8C6E-A840517334E6}"
EndProject
Project("{8BC9CEB8-8B4A-11D0-8D11-00A0C91BC942}") = "ProjectionMatrices", "ProjectionMatrices\ProjectionMatrices.vcxproj", "{BDF525B6-5FB8-42E5-8A82-F0E0E0E0106C}"
EndProject
Project("{8BC9CEB8-8B4A-11D0-8D11-00A0C91BC942}") = "CameraRays", "CameraRays\CameraRays.vcxproj", "{A288D63E-BE33-4F0D-8BD0-9C0A054F334F}"
EndProject
Project("{8BC9CEB8-8B4A-11D0-8D11-00A0C91BC942}") = "MinimalRayTracer", "MinimalRayTracer\MinimalRayTracer.vcxproj", "{B49315BE-93EA-4995-8443-FFEB73C6E7AB}"
EndProject
Project("{8BC9CEB8-8B4A-11D0-8D11-00A0C91BC942}") = "RayTracingTriangle", "RayTracingTriangle\RayTracingTriangle.vcxproj", "{4ACBFE3A-4477-4994-B6F3-A3CDFAE1A80F}"
EndProject
Project("{8BC9CEB8-8B4A-11D0-8D11-00A0C91BC942}") = "RTPolygonMesh", "RTPolygonMesh\RTPolygonMesh.vcxproj", "{8D47546F-249E-4E50-8E00-5DB16ECBF8D7}"
EndProject
Project("{8BC9CEB8-8B4A-11D0-8D11-00A0C91BC942}") = "Shading", "Shading\Shading.vcxproj", "{C20A7743-9EA1-41FB-94EA-F9E8F42F3D50}"
EndProject
Global
	GlobalSection(SolutionConfigurationPlatforms) = preSolution
		Debug|x64 = Debug|x64
		Debug|x86 = Debug|x86
		Release|x64 = Release|x64
		Release|x86 = Release|x86
	EndGlobalSection
	GlobalSection(ProjectConfigurationPlatforms) = postSolution
		{BF5C0DFC-5C74-4EAA-8C7D-7B8FF1034526}.Debug|x64.ActiveCfg = Debug|x64
		{BF5C0DFC-5C74-4EAA-8C7D-7B8FF1034526}.Debug|x64.Build.0 = Debug|x64
		{BF5C0DFC-5C74-4EAA-8C7D-7B8FF1034526}.Debug|x86.ActiveCfg = Debug|Win32
		{BF5C0DFC-5C74-4EAA-8C7D-7B8FF1034526}.Debug|x86.Build.0 = Debug|Win32
		{BF5C0DFC-5C74-4EAA-8C7D-7B8FF1034526}.Release|x64.ActiveCfg = Release|x64
		{BF5C0DFC-5C74-4EAA-8C7D-7B8FF1034526}.Release|x64.Build.0 = Release|x64
		{BF5C0DFC-5C74-4EAA-8C7D-7B8FF1034526}.Release|x86.ActiveCfg = Release|Win32
		{BF5C0DFC-5C74-4EAA-8C7D-7B8FF1034526}.Release|x86.Build.0 = Release|Win32
		{7F2606EC-6E74-4070-8219-E45FDA884187}.Debug|x64.ActiveCfg = Debug|x64
		{7F2606EC-6E74-4070-8219-E45FDA884187}.Debug|x64.Build.0 = Debug|x64
		{7F2606EC-6E74-4070-8219-E45FDA884187}.Debug|x86.ActiveCfg = Debug|Win32
		{7F2606EC-6E74-4070-8219-E45FDA884187}.Debug|x86.Build.0 = Debug|Win32
		{7F2606EC-6E74-4070-8219-E45FDA884187}.Release|x64.ActiveCfg = Release|x64
		{7F2606EC-6E74-4070-8219-E45FDA884187}.Release|x64.Build.0 = Release|x64
		{7F2606EC-6E74-4070-8219-E45FDA884187}.Release|x86.ActiveCfg = Release|Win32
		{7F2606EC-6E74-4070-8219-E45FDA884187}.Release|x86.Build.0 = Release|Win32
		{046105F5-E6E7-4270-8C6E-A840517334E6}.Debug|x64.ActiveCfg = Debug|x64
		{046105F5-E6E7-4270-8C6E-A840517334E6}.Debug|x64.Build.0 = Debug|x64
		{046105F5-E6E7-4270-8C6E-A840517334E6}.Debug|x86.ActiveCfg = Debug|Win32
		{046105F5-E6E7-4270-8C6E-A840517334E6}.Debug|x86.Build.0 = Debug|Win32
		{046105F5-E6E7-4270-8C6E-A840517334E6}.Release|x64.ActiveCfg = Release|x64
		{046105F5-E6E7-4270-8C6E-A840517334E6}.Release|x64.Build.0 = Release|x64
		{046105F5-E6E7-4270-8C6E-A840517334E6}.Release|x86.ActiveCfg = Release|Win32
		{046105F5-E6E7-4270-8C6E-A840517334E6}.Release|x86.Build.0 = Release|Win32
		{BDF525B6-5FB8-42E5-8A82-F0E0E0E0106C}.Debug|x64.ActiveCfg = Debug|x64
		{BDF525B6-5FB8-42E5-8A82-F0E0E0E0106C}.Debug|x64.Build.0 = Debug|x64
		{BDF525B6-5FB8-42E5-8A82-F0E0E0E0106C}.Debug|x86.ActiveCfg = Debug|Win32
		{BDF525B6-5FB8-42E5-8A82-F0E0E0E0106C}.Debug|x86.Build.0 = Debug|Win32
		{BDF525B6-5FB8-42E5-8A82-F0E0E0E0106C}.Release|x64.ActiveCfg = Release|x64
		{BDF525B6-5FB8-42E5-8A82-F0E0E0E0106C}.Release|x64.Build.0 = Release|x64
		{BDF525B6-5FB8-42E5-8A82-F0E0E0E0106C}.Release|x86.ActiveCfg = Release|Win32
		{BDF525B6-5FB8-42E5-8A82-F0E0E0E0106C}.Release|x86.Build.0 = Release|Win32
		{A288D63E-BE33-4F0D-8BD0-9C0A054F334F}.Debug|x64.ActiveCfg = Debug|x64
		{A288D63E-BE33-4F0D-8BD0-9C0A054F334F}.Debug|x64.Build.0 = Debug|x64
		{A288D63E-BE33-4F0D-8BD0-9C0A054F334F}.Debug|x86.ActiveCfg = Debug|Win32
		{A288D63E-BE33-4F0D-8BD0-9C0A054F334F}.Debug|x86.Build.0 = Debug|Win32
		{A288D63E-BE33-4F0D-8BD0-9C0A054F334F}.Release|x64.ActiveCfg = Release|x64
		{A288D63E-BE33-4F0D-8BD0-9C0A054F334F}.Release|x64.Build.0 = Release|x64
		{A288D63E-BE33-4F0D-8BD0-9C0A054F334F}.Release|x86.ActiveCfg = Release|Win32
		{A288D63E-BE33-4F0D-8BD0-9C0A054F334F}.Release|x86.Build.0 = Release|Win32
		{B49315BE-93EA-4995-8443-FFEB73C6E7AB}.Debug|x64.ActiveCfg = Debug|x64
		{B49315BE-93EA-4995-8443-FFEB73C6E7AB}.Debug|x64.Build.0 = Debug|x64
		{B49315BE-93EA-4995-8443-FFEB73C6E7AB}.Debug|x86.ActiveCfg = Debug|Win32
		{B49315BE-93EA-4995-8443-FFEB73C6E7AB}.Debug|x86.Build.0 = Debug|Win32
		{B49315BE-93EA-4995-8443-FFEB73C6E7AB}.Release|x64.ActiveCfg = Release|x64
		{B49315BE-93EA-4995-8443-FFEB73C6E7AB}.Release|x64.Build.0 = Release|x64
		{B49315BE-93EA-4995-8443-FFEB73C6E7AB}.Release|x86.ActiveCfg = Release|Win32
		{B49315BE-93EA-4995-8443-FFEB73C6E7AB}.Release|x86.Build.0 = Release|Win32
		{4ACBFE3A-4477-4994-B6F3-A3CDFAE1A80F}.Debug|x64.ActiveCfg = Debug|x64
		{4ACBFE3A-4477-4994-B6F3-A3CDFAE1A80F}.Debug|x64.Build.0 = Debug|x64
		{4ACBFE3A-4477-4994-B6F3-A3CDFAE1A80F}.Debug|x86.ActiveCfg = Debug|Win32
		{4ACBFE3A-4477-4994-B6F3-A3CDFAE1A80F}.Debug|x86.Build.0 = Debug|Win32
		{4ACBFE3A-4477-4994-B6F3-A3CDFAE1A80F}.Release|x64.ActiveCfg = Release|x64
		{4ACBFE3A-4477-4994-B6F3-A3CDFAE1A80F}.Release|x64.Build.0 = Release|x64
		{4ACBFE3A-4477-4994-B6F3-A3CDFAE1A80F}.Release|x86.ActiveCfg = Release|Win32
		{4ACBFE3A-4477-4994-B6F3-A3CDFAE1A80F}.Release|x86.Build.0 = Release|Win32
		{8D47546F-249E-4E50-8E00-5DB16ECBF8D7}.Debug|x64.ActiveCfg = Debug|x64
		{8D47546F-249E-4E50-8E00-5DB16ECBF8D7}.Debug|x64.Build.0 = Debug|x64
		{8D47546F-249E-4E50-8E00-5DB16ECBF8D7}.Debug|x86.ActiveCfg = Debug|Win32
		{8D47546F-249E-4E50-8E00-5DB16ECBF8D7}.Debug|x86.Build.0 = Debug|Win32
		{8D47546F-249E-4E50-8E00-5DB16ECBF8D7}.Release|x64.ActiveCfg = Release|x64
		{8D47546F-249E-4E50-8E00-5DB16ECBF8D7}.Release|x64.Build.0 = Release|x64
		{8D47546F-249E-4E50-8E00-5DB16ECBF8D7}.Release|x86.ActiveCfg = Release|Win32
		{8D47546F-249E-4E50-8E00-5DB16ECBF8D7}.Release|x86.Build.0 = Release|Win32
		{C20A7743-9EA1-41FB-94EA-F9E8F42F3D50}.Debug|x64.ActiveCfg = Debug|x64
		{C20A7743-9EA1-41FB-94EA-F9E8F42F3D50}.Debug|x64.Build.0 = Debug|x64
		{C20A7743-9EA1-41FB-94EA-F9E8F42F3D50}.Debug|x86.ActiveCfg = Debug|Win32
		{C20A7743-9EA1-41FB-94EA-F9E8F42F3D50}.Debug|x86.Build.0 = Debug|Win32
		{C20A7743-9EA1-41FB-94EA-F9E8F42F3D50}.Release|x64.ActiveCfg = Release|x64
		{C20A7743-9EA1-41FB-94EA-F9E8F42F3D50}.Release|x64.Build.0 = Release|x64
		{C20A7743-9EA1-41FB-94EA-F9E8F42F3D50}.Release|x86.ActiveCfg = Release|Win32
		{C20A7743-9EA1-41FB-94EA-F9E8F42F3D50}.Release|x86.Build.0 = Release|Win32
	EndGlobalSection
	GlobalSection(SolutionProperties) = preSolution
		HideSolutionNode = FALSE
	EndGlobalSection
	GlobalSection(ExtensibilityGlobals) = postSolution
		SolutionGuid = {427E5F79-7429-46D6-8C0F-799FBFFF0047}
	EndGlobalSection
EndGlobal
